
Microsoft Visual Studio Solution File, Format Version 12.00
# Visual Studio Version 17
VisualStudioVersion = 17.9.34728.123
MinimumVisualStudioVersion = 10.0.40219.1
Project("{FAE04EC0-301F-11D3-BF4B-00C04F79EFBC}") = "PivotTableSimulatorUI", "PivotTableSimulatorUI\PivotTableSimulatorUI.csproj", "{B275CBE1-9A52-4A95-B5F2-9E24A069BF76}"
EndProject
Project("{FAE04EC0-301F-11D3-BF4B-00C04F79EFBC}") = "PivotTableSimulator", "PivotTableSimulator\PivotTableSimulator.csproj", "{746673C8-1219-4032-BFBF-FCFD29A273A2}"
EndProject
Global
	GlobalSection(SolutionConfigurationPlatforms) = preSolution
		Debug|Any CPU = Debug|Any CPU
		Release|Any CPU = Release|Any CPU
	EndGlobalSection
	GlobalSection(ProjectConfigurationPlatforms) = postSolution
		{B275CBE1-9A52-4A95-B5F2-9E24A069BF76}.Debug|Any CPU.ActiveCfg = Debug|Any CPU
		{B275CBE1-9A52-4A95-B5F2-9E24A069BF76}.Debug|Any CPU.Build.0 = Debug|Any CPU
		{B275CBE1-9A52-4A95-B5F2-9E24A069BF76}.Release|Any CPU.ActiveCfg = Release|Any CPU
		{B275CBE1-9A52-4A95-B5F2-9E24A069BF76}.Release|Any CPU.Build.0 = Release|Any CPU
		{746673C8-1219-4032-BFBF-FCFD29A273A2}.Debug|Any CPU.ActiveCfg = Debug|Any CPU
		{746673C8-1219-4032-BFBF-FCFD29A273A2}.Debug|Any CPU.Build.0 = Debug|Any CPU
		{746673C8-1219-4032-BFBF-FCFD29A273A2}.Release|Any CPU.ActiveCfg = Release|Any CPU
		{746673C8-1219-4032-BFBF-FCFD29A273A2}.Release|Any CPU.Build.0 = Release|Any CPU
	EndGlobalSection
	GlobalSection(SolutionProperties) = preSolution
		HideSolutionNode = FALSE
	EndGlobalSection
	GlobalSection(ExtensibilityGlobals) = postSolution
		SolutionGuid = {B47DBD47-E448-43D5-8B01-46BFE4BB5804}
	EndGlobalSection
EndGlobal
